
Microsoft Visual Studio Solution File, Format Version 11.00
# Visual Studio 2010
Project("{FAE04EC0-301F-11D3-BF4B-00C04F79EFBC}") = "Assembly-CSharp", "Assembly-CSharp.csproj", "{93a4ac32-c6cb-4e92-9264-ad30d49f7cfa}"
EndProject
Project("{FAE04EC0-301F-11D3-BF4B-00C04F79EFBC}") = "endel.nativewebsocket", "endel.nativewebsocket.csproj", "{003c1230-4fe5-feb3-58e5-0e2b28c10806}"
EndProject
Project("{FAE04EC0-301F-11D3-BF4B-00C04F79EFBC}") = "Assembly-CSharp-Editor", "Assembly-CSharp-Editor.csproj", "{01bca493-2761-ac2f-3a62-a2bb91e266ee}"
EndProject
Global
	GlobalSection(SolutionConfigurationPlatforms) = preSolution
		Debug|Any CPU = Debug|Any CPU
		Release|Any CPU = Release|Any CPU
	EndGlobalSection
	GlobalSection(ProjectConfigurationPlatforms) = postSolution
		{93a4ac32-c6cb-4e92-9264-ad30d49f7cfa}.Debug|Any CPU.ActiveCfg = Debug|Any CPU
		{93a4ac32-c6cb-4e92-9264-ad30d49f7cfa}.Debug|Any CPU.Build.0 = Debug|Any CPU
		{93a4ac32-c6cb-4e92-9264-ad30d49f7cfa}.Release|Any CPU.ActiveCfg = Release|Any CPU
		{93a4ac32-c6cb-4e92-9264-ad30d49f7cfa}.Release|Any CPU.Build.0 = Release|Any CPU
		{003c1230-4fe5-feb3-58e5-0e2b28c10806}.Debug|Any CPU.ActiveCfg = Debug|Any CPU
		{003c1230-4fe5-feb3-58e5-0e2b28c10806}.Debug|Any CPU.Build.0 = Debug|Any CPU
		{003c1230-4fe5-feb3-58e5-0e2b28c10806}.Release|Any CPU.ActiveCfg = Release|Any CPU
		{003c1230-4fe5-feb3-58e5-0e2b28c10806}.Release|Any CPU.Build.0 = Release|Any CPU
		{01bca493-2761-ac2f-3a62-a2bb91e266ee}.Debug|Any CPU.ActiveCfg = Debug|Any CPU
		{01bca493-2761-ac2f-3a62-a2bb91e266ee}.Debug|Any CPU.Build.0 = Debug|Any CPU
		{01bca493-2761-ac2f-3a62-a2bb91e266ee}.Release|Any CPU.ActiveCfg = Release|Any CPU
		{01bca493-2761-ac2f-3a62-a2bb91e266ee}.Release|Any CPU.Build.0 = Release|Any CPU
	EndGlobalSection
	GlobalSection(SolutionProperties) = preSolution
		HideSolutionNode = FALSE
	EndGlobalSection
EndGlobal
